
Microsoft Visual Studio Solution File, Format Version 12.00
# Visual Studio Version 16
VisualStudioVersion = 16.0.29512.175
MinimumVisualStudioVersion = 10.0.40219.1
Project("{9A19103F-16F7-4668-BE54-9A1E7A4F7556}") = "BehaviorTrees", "BehaviorTrees\BehaviorTrees.csproj", "{E24DA54C-2082-4B28-BCDE-2B039A14AA21}"
EndProject
Project("{9A19103F-16F7-4668-BE54-9A1E7A4F7556}") = "BehaviorTrees.UnitTests", "BehaviorTrees.UnitTests\BehaviorTrees.UnitTests.csproj", "{F7817665-1D0A-45D2-8690-A1D7B2547C2F}"
EndProject
Project("{FAE04EC0-301F-11D3-BF4B-00C04F79EFBC}") = "BehaviorTrees.Example", "BehaviorTrees.Example\BehaviorTrees.Example.csproj", "{6C5C7AA4-4F8B-4E36-AE1E-F83C810C012E}"
EndProject
Global
	GlobalSection(SolutionConfigurationPlatforms) = preSolution
		Debug|Any CPU = Debug|Any CPU
		Release|Any CPU = Release|Any CPU
	EndGlobalSection
	GlobalSection(ProjectConfigurationPlatforms) = postSolution
		{E24DA54C-2082-4B28-BCDE-2B039A14AA21}.Debug|Any CPU.ActiveCfg = Debug|Any CPU
		{E24DA54C-2082-4B28-BCDE-2B039A14AA21}.Debug|Any CPU.Build.0 = Debug|Any CPU
		{E24DA54C-2082-4B28-BCDE-2B039A14AA21}.Release|Any CPU.ActiveCfg = Release|Any CPU
		{E24DA54C-2082-4B28-BCDE-2B039A14AA21}.Release|Any CPU.Build.0 = Release|Any CPU
		{F7817665-1D0A-45D2-8690-A1D7B2547C2F}.Debug|Any CPU.ActiveCfg = Debug|Any CPU
		{F7817665-1D0A-45D2-8690-A1D7B2547C2F}.Debug|Any CPU.Build.0 = Debug|Any CPU
		{F7817665-1D0A-45D2-8690-A1D7B2547C2F}.Release|Any CPU.ActiveCfg = Release|Any CPU
		{F7817665-1D0A-45D2-8690-A1D7B2547C2F}.Release|Any CPU.Build.0 = Release|Any CPU
		{6C5C7AA4-4F8B-4E36-AE1E-F83C810C012E}.Debug|Any CPU.ActiveCfg = Debug|Any CPU
		{6C5C7AA4-4F8B-4E36-AE1E-F83C810C012E}.Debug|Any CPU.Build.0 = Debug|Any CPU
		{6C5C7AA4-4F8B-4E36-AE1E-F83C810C012E}.Release|Any CPU.ActiveCfg = Release|Any CPU
		{6C5C7AA4-4F8B-4E36-AE1E-F83C810C012E}.Release|Any CPU.Build.0 = Release|Any CPU
	EndGlobalSection
	GlobalSection(SolutionProperties) = preSolution
		HideSolutionNode = FALSE
	EndGlobalSection
	GlobalSection(ExtensibilityGlobals) = postSolution
		SolutionGuid = {F8C6F93A-0848-49AB-831F-A3CC53F6B6C5}
	EndGlobalSection
EndGlobal
